
Microsoft Visual Studio Solution File, Format Version 12.00
# Visual Studio 15
VisualStudioVersion = 15.0.28307.168
MinimumVisualStudioVersion = 10.0.40219.1
Project("{8BC9CEB8-8B4A-11D0-8D11-00A0C91BC942}") = "NativePlugin", "NativePlugin\NativePlugin.vcxitems", "{D8B28326-122B-478E-8ABF-058FB82353DB}"
EndProject
Project("{8BC9CEB8-8B4A-11D0-8D11-00A0C91BC942}") = "WindowsDLL", "WindowsDLL\WindowsDLL.vcxproj", "{F5163930-071D-400E-819A-B4FCF4D61C48}"
EndProject
Project("{8BC9CEB8-8B4A-11D0-8D11-00A0C91BC942}") = "AndroidLib", "AndroidLib\AndroidLib.vcxproj", "{7BE406C3-B045-4233-A278-2E6E81AB4338}"
EndProject
Project("{8BC9CEB8-8B4A-11D0-8D11-00A0C91BC942}") = "WindowsUWP", "WindowsUWP\WindowsUWP.vcxproj", "{1884F9E1-DD8E-43FA-85DF-FFE9F3A30323}"
EndProject
Global
	GlobalSection(SolutionConfigurationPlatforms) = preSolution
		Debug|ARM = Debug|ARM
		Debug|ARM64 = Debug|ARM64
		Debug|x64 = Debug|x64
		Debug|x86 = Debug|x86
		Release|ARM = Release|ARM
		Release|ARM64 = Release|ARM64
		Release|x64 = Release|x64
		Release|x86 = Release|x86
	EndGlobalSection
	GlobalSection(ProjectConfigurationPlatforms) = postSolution
		{F5163930-071D-400E-819A-B4FCF4D61C48}.Debug|ARM.ActiveCfg = Debug|Win32
		{F5163930-071D-400E-819A-B4FCF4D61C48}.Debug|ARM64.ActiveCfg = Debug|Win32
		{F5163930-071D-400E-819A-B4FCF4D61C48}.Debug|x64.ActiveCfg = Debug|x64
		{F5163930-071D-400E-819A-B4FCF4D61C48}.Debug|x64.Build.0 = Debug|x64
		{F5163930-071D-400E-819A-B4FCF4D61C48}.Debug|x86.ActiveCfg = Debug|Win32
		{F5163930-071D-400E-819A-B4FCF4D61C48}.Debug|x86.Build.0 = Debug|Win32
		{F5163930-071D-400E-819A-B4FCF4D61C48}.Release|ARM.ActiveCfg = Release|Win32
		{F5163930-071D-400E-819A-B4FCF4D61C48}.Release|ARM64.ActiveCfg = Release|Win32
		{F5163930-071D-400E-819A-B4FCF4D61C48}.Release|x64.ActiveCfg = Release|x64
		{F5163930-071D-400E-819A-B4FCF4D61C48}.Release|x64.Build.0 = Release|x64
		{F5163930-071D-400E-819A-B4FCF4D61C48}.Release|x86.ActiveCfg = Release|Win32
		{F5163930-071D-400E-819A-B4FCF4D61C48}.Release|x86.Build.0 = Release|Win32
		{7BE406C3-B045-4233-A278-2E6E81AB4338}.Debug|ARM.ActiveCfg = Debug|ARM
		{7BE406C3-B045-4233-A278-2E6E81AB4338}.Debug|ARM.Build.0 = Debug|ARM
		{7BE406C3-B045-4233-A278-2E6E81AB4338}.Debug|ARM64.ActiveCfg = Debug|ARM64
		{7BE406C3-B045-4233-A278-2E6E81AB4338}.Debug|ARM64.Build.0 = Debug|ARM64
		{7BE406C3-B045-4233-A278-2E6E81AB4338}.Debug|x64.ActiveCfg = Debug|x64
		{7BE406C3-B045-4233-A278-2E6E81AB4338}.Debug|x64.Build.0 = Debug|x64
		{7BE406C3-B045-4233-A278-2E6E81AB4338}.Debug|x86.ActiveCfg = Debug|x86
		{7BE406C3-B045-4233-A278-2E6E81AB4338}.Debug|x86.Build.0 = Debug|x86
		{7BE406C3-B045-4233-A278-2E6E81AB4338}.Release|ARM.ActiveCfg = Release|ARM
		{7BE406C3-B045-4233-A278-2E6E81AB4338}.Release|ARM.Build.0 = Release|ARM
		{7BE406C3-B045-4233-A278-2E6E81AB4338}.Release|ARM64.ActiveCfg = Release|ARM64
		{7BE406C3-B045-4233-A278-2E6E81AB4338}.Release|ARM64.Build.0 = Release|ARM64
		{7BE406C3-B045-4233-A278-2E6E81AB4338}.Release|x64.ActiveCfg = Release|x64
		{7BE406C3-B045-4233-A278-2E6E81AB4338}.Release|x64.Build.0 = Release|x64
		{7BE406C3-B045-4233-A278-2E6E81AB4338}.Release|x86.ActiveCfg = Release|x86
		{7BE406C3-B045-4233-A278-2E6E81AB4338}.Release|x86.Build.0 = Release|x86
		{1884F9E1-DD8E-43FA-85DF-FFE9F3A30323}.Debug|ARM.ActiveCfg = Debug|ARM
		{1884F9E1-DD8E-43FA-85DF-FFE9F3A30323}.Debug|ARM.Build.0 = Debug|ARM
		{1884F9E1-DD8E-43FA-85DF-FFE9F3A30323}.Debug|ARM64.ActiveCfg = Debug|ARM64
		{1884F9E1-DD8E-43FA-85DF-FFE9F3A30323}.Debug|ARM64.Build.0 = Debug|ARM64
		{1884F9E1-DD8E-43FA-85DF-FFE9F3A30323}.Debug|x64.ActiveCfg = Debug|x64
		{1884F9E1-DD8E-43FA-85DF-FFE9F3A30323}.Debug|x64.Build.0 = Debug|x64
		{1884F9E1-DD8E-43FA-85DF-FFE9F3A30323}.Debug|x86.ActiveCfg = Debug|Win32
		{1884F9E1-DD8E-43FA-85DF-FFE9F3A30323}.Debug|x86.Build.0 = Debug|Win32
		{1884F9E1-DD8E-43FA-85DF-FFE9F3A30323}.Release|ARM.ActiveCfg = Release|ARM
		{1884F9E1-DD8E-43FA-85DF-FFE9F3A30323}.Release|ARM.Build.0 = Release|ARM
		{1884F9E1-DD8E-43FA-85DF-FFE9F3A30323}.Release|ARM64.ActiveCfg = Release|ARM64
		{1884F9E1-DD8E-43FA-85DF-FFE9F3A30323}.Release|ARM64.Build.0 = Release|ARM64
		{1884F9E1-DD8E-43FA-85DF-FFE9F3A30323}.Release|x64.ActiveCfg = Release|x64
		{1884F9E1-DD8E-43FA-85DF-FFE9F3A30323}.Release|x64.Build.0 = Release|x64
		{1884F9E1-DD8E-43FA-85DF-FFE9F3A30323}.Release|x86.ActiveCfg = Release|Win32
		{1884F9E1-DD8E-43FA-85DF-FFE9F3A30323}.Release|x86.Build.0 = Release|Win32
	EndGlobalSection
	GlobalSection(SolutionProperties) = preSolution
		HideSolutionNode = FALSE
	EndGlobalSection
	GlobalSection(ExtensibilityGlobals) = postSolution
		SolutionGuid = {27FF76E7-5E83-4028-A0D2-EE84916AFF00}
	EndGlobalSection
EndGlobal
